
Microsoft Visual Studio Solution File, Format Version 12.00
# Visual Studio Version 16
VisualStudioVersion = 16.0.30907.101
MinimumVisualStudioVersion = 10.0.40219.1
Project("{E24C65DC-7377-472B-9ABA-BC803B73C61A}") = "MDSS", ".", "{2A77AE80-E64B-4EC6-9238-8614BC320AA1}"
	ProjectSection(WebsiteProperties) = preProject
		TargetFrameworkMoniker = ".NETFramework,Version%3Dv4.0"
		Debug.AspNetCompiler.VirtualPath = "/MDSS"
		Debug.AspNetCompiler.PhysicalPath = "..\MDSS\"
		Debug.AspNetCompiler.TargetPath = "PrecompiledWeb\MDSS\"
		Debug.AspNetCompiler.Updateable = "true"
		Debug.AspNetCompiler.ForceOverwrite = "true"
		Debug.AspNetCompiler.FixedNames = "false"
		Debug.AspNetCompiler.Debug = "True"
		Release.AspNetCompiler.VirtualPath = "/MDSS"
		Release.AspNetCompiler.PhysicalPath = "..\MDSS\"
		Release.AspNetCompiler.TargetPath = "PrecompiledWeb\MDSS\"
		Release.AspNetCompiler.Updateable = "true"
		Release.AspNetCompiler.ForceOverwrite = "true"
		Release.AspNetCompiler.FixedNames = "false"
		Release.AspNetCompiler.Debug = "False"
		VWDPort = "19430"
		SlnRelativePath = "..\MDSS\"
	EndProjectSection
EndProject
Global
	GlobalSection(SolutionConfigurationPlatforms) = preSolution
		Debug|Any CPU = Debug|Any CPU
	EndGlobalSection
	GlobalSection(ProjectConfigurationPlatforms) = postSolution
		{2A77AE80-E64B-4EC6-9238-8614BC320AA1}.Debug|Any CPU.ActiveCfg = Debug|Any CPU
		{2A77AE80-E64B-4EC6-9238-8614BC320AA1}.Debug|Any CPU.Build.0 = Debug|Any CPU
	EndGlobalSection
	GlobalSection(SolutionProperties) = preSolution
		HideSolutionNode = FALSE
	EndGlobalSection
	GlobalSection(ExtensibilityGlobals) = postSolution
		SolutionGuid = {F453733F-88D2-4943-8ED0-12389A5B0A39}
	EndGlobalSection
EndGlobal
